
Microsoft Visual Studio Solution File, Format Version 12.00
# Visual Studio Version 17
VisualStudioVersion = 17.14.37111.16 d17.14
MinimumVisualStudioVersion = 10.0.40219.1
Project("{FAE04EC0-301F-11D3-BF4B-00C04F79EFBC}") = "pr7", "pr7\pr7.csproj", "{1B373EF2-43A2-4E2B-BCAC-0E7CE2B7A8C9}"
EndProject
Global
	GlobalSection(SolutionConfigurationPlatforms) = preSolution
		Debug|Any CPU = Debug|Any CPU
		Release|Any CPU = Release|Any CPU
	EndGlobalSection
	GlobalSection(ProjectConfigurationPlatforms) = postSolution
		{1B373EF2-43A2-4E2B-BCAC-0E7CE2B7A8C9}.Debug|Any CPU.ActiveCfg = Debug|Any CPU
		{1B373EF2-43A2-4E2B-BCAC-0E7CE2B7A8C9}.Debug|Any CPU.Build.0 = Debug|Any CPU
		{1B373EF2-43A2-4E2B-BCAC-0E7CE2B7A8C9}.Release|Any CPU.ActiveCfg = Release|Any CPU
		{1B373EF2-43A2-4E2B-BCAC-0E7CE2B7A8C9}.Release|Any CPU.Build.0 = Release|Any CPU
	EndGlobalSection
	GlobalSection(SolutionProperties) = preSolution
		HideSolutionNode = FALSE
	EndGlobalSection
	GlobalSection(ExtensibilityGlobals) = postSolution
		SolutionGuid = {FF1D5320-A9B6-4C03-B2C6-8FE67B548A25}
	EndGlobalSection
EndGlobal
